
Microsoft Visual Studio Solution File, Format Version 12.00
# Visual Studio Version 17
VisualStudioVersion = 17.1.32104.313
MinimumVisualStudioVersion = 10.0.40219.1
Project("{2150E333-8FDC-42A3-9474-1A3956D46DE8}") = "Solution Items", "Solution Items", "{5AD4204F-9CC1-492F-8E9A-2064D4E8AE8A}"
	ProjectSection(SolutionItems) = preProject
		README.md = README.md
	EndProjectSection
EndProject
Project("{9A19103F-16F7-4668-BE54-9A1E7A4F7556}") = "ElmahCore.Sql", "ElmahCore.MsSql\ElmahCore.Sql.csproj", "{BCE602D7-1ABB-42F5-BC1F-77F7C1985708}"
EndProject
Project("{2150E333-8FDC-42A3-9474-1A3956D46DE8}") = "Demo", "Demo", "{8E26F641-674E-421C-B37C-AF2A690DA1CF}"
EndProject
Project("{9A19103F-16F7-4668-BE54-9A1E7A4F7556}") = "ElmahCore", "ElmahCore\ElmahCore.csproj", "{0F75E1E4-32CB-47A5-8548-2798FFBAC4B1}"
EndProject
Project("{9A19103F-16F7-4668-BE54-9A1E7A4F7556}") = "ElmahCore.Mvc", "ElmahCore.Mvc\ElmahCore.Mvc.csproj", "{BF039A92-379C-41E5-A8D2-6C26DAEFDC60}"
EndProject
Project("{9A19103F-16F7-4668-BE54-9A1E7A4F7556}") = "ElmahCore.DemoCore3", "ElmahCore.DemoCore3\ElmahCore.DemoCore3.csproj", "{A6EABDE3-E1CD-43B5-BB15-880210D8FC3F}"
EndProject
Project("{9A19103F-16F7-4668-BE54-9A1E7A4F7556}") = "ElmahCore.Postgresql", "ElmahCore.Postgresql\ElmahCore.Postgresql.csproj", "{75B6FE36-D765-4685-9AA6-5878002A5290}"
EndProject
Project("{9A19103F-16F7-4668-BE54-9A1E7A4F7556}") = "ElmahCore.MySql", "ElmahCore.MySql\ElmahCore.MySql.csproj", "{DA992081-7177-4153-81CF-A726EEADC730}"
EndProject
Project("{9A19103F-16F7-4668-BE54-9A1E7A4F7556}") = "ElmahCore.DemoCore5", "ElmahCore.DemoCore5\ElmahCore.DemoCore5.csproj", "{289FB7BF-7E2C-406D-9B46-360B5B4B8AAF}"
EndProject
Project("{2150E333-8FDC-42A3-9474-1A3956D46DE8}") = "Tests", "Tests", "{93D72C8F-498F-4E86-AB88-6D77394CE495}"
EndProject
Project("{9A19103F-16F7-4668-BE54-9A1E7A4F7556}") = "ElmahCore.Mvc.Tests", "Tests\ElmahCore.Mvc.Tests\ElmahCore.Mvc.Tests.csproj", "{B54072F0-F35A-424C-A153-286152BA9272}"
EndProject
Project("{FAE04EC0-301F-11D3-BF4B-00C04F79EFBC}") = "ElmahCore.DemoCore6", "ElmahCore.DemoCore6\ElmahCore.DemoCore6.csproj", "{BF17E6CC-ECC6-4FAE-A821-3BE169E5A3D8}"
EndProject
Global
	GlobalSection(SolutionConfigurationPlatforms) = preSolution
		Debug|Any CPU = Debug|Any CPU
		Release|Any CPU = Release|Any CPU
	EndGlobalSection
	GlobalSection(ProjectConfigurationPlatforms) = postSolution
		{BCE602D7-1ABB-42F5-BC1F-77F7C1985708}.Debug|Any CPU.ActiveCfg = Debug|Any CPU
		{BCE602D7-1ABB-42F5-BC1F-77F7C1985708}.Debug|Any CPU.Build.0 = Debug|Any CPU
		{BCE602D7-1ABB-42F5-BC1F-77F7C1985708}.Release|Any CPU.ActiveCfg = Release|Any CPU
		{BCE602D7-1ABB-42F5-BC1F-77F7C1985708}.Release|Any CPU.Build.0 = Release|Any CPU
		{0F75E1E4-32CB-47A5-8548-2798FFBAC4B1}.Debug|Any CPU.ActiveCfg = Debug|Any CPU
		{0F75E1E4-32CB-47A5-8548-2798FFBAC4B1}.Debug|Any CPU.Build.0 = Debug|Any CPU
		{0F75E1E4-32CB-47A5-8548-2798FFBAC4B1}.Release|Any CPU.ActiveCfg = Release|Any CPU
		{0F75E1E4-32CB-47A5-8548-2798FFBAC4B1}.Release|Any CPU.Build.0 = Release|Any CPU
		{BF039A92-379C-41E5-A8D2-6C26DAEFDC60}.Debug|Any CPU.ActiveCfg = Debug|Any CPU
		{BF039A92-379C-41E5-A8D2-6C26DAEFDC60}.Debug|Any CPU.Build.0 = Debug|Any CPU
		{BF039A92-379C-41E5-A8D2-6C26DAEFDC60}.Release|Any CPU.ActiveCfg = Release|Any CPU
		{BF039A92-379C-41E5-A8D2-6C26DAEFDC60}.Release|Any CPU.Build.0 = Release|Any CPU
		{A6EABDE3-E1CD-43B5-BB15-880210D8FC3F}.Debug|Any CPU.ActiveCfg = Debug|Any CPU
		{A6EABDE3-E1CD-43B5-BB15-880210D8FC3F}.Debug|Any CPU.Build.0 = Debug|Any CPU
		{A6EABDE3-E1CD-43B5-BB15-880210D8FC3F}.Release|Any CPU.ActiveCfg = Release|Any CPU
		{A6EABDE3-E1CD-43B5-BB15-880210D8FC3F}.Release|Any CPU.Build.0 = Release|Any CPU
		{75B6FE36-D765-4685-9AA6-5878002A5290}.Debug|Any CPU.ActiveCfg = Debug|Any CPU
		{75B6FE36-D765-4685-9AA6-5878002A5290}.Debug|Any CPU.Build.0 = Debug|Any CPU
		{75B6FE36-D765-4685-9AA6-5878002A5290}.Release|Any CPU.ActiveCfg = Release|Any CPU
		{75B6FE36-D765-4685-9AA6-5878002A5290}.Release|Any CPU.Build.0 = Release|Any CPU
		{DA992081-7177-4153-81CF-A726EEADC730}.Debug|Any CPU.ActiveCfg = Debug|Any CPU
		{DA992081-7177-4153-81CF-A726EEADC730}.Debug|Any CPU.Build.0 = Debug|Any CPU
		{DA992081-7177-4153-81CF-A726EEADC730}.Release|Any CPU.ActiveCfg = Release|Any CPU
		{DA992081-7177-4153-81CF-A726EEADC730}.Release|Any CPU.Build.0 = Release|Any CPU
		{289FB7BF-7E2C-406D-9B46-360B5B4B8AAF}.Debug|Any CPU.ActiveCfg = Debug|Any CPU
		{289FB7BF-7E2C-406D-9B46-360B5B4B8AAF}.Debug|Any CPU.Build.0 = Debug|Any CPU
		{289FB7BF-7E2C-406D-9B46-360B5B4B8AAF}.Release|Any CPU.ActiveCfg = Release|Any CPU
		{289FB7BF-7E2C-406D-9B46-360B5B4B8AAF}.Release|Any CPU.Build.0 = Release|Any CPU
		{B54072F0-F35A-424C-A153-286152BA9272}.Debug|Any CPU.ActiveCfg = Debug|Any CPU
		{B54072F0-F35A-424C-A153-286152BA9272}.Debug|Any CPU.Build.0 = Debug|Any CPU
		{B54072F0-F35A-424C-A153-286152BA9272}.Release|Any CPU.ActiveCfg = Release|Any CPU
		{B54072F0-F35A-424C-A153-286152BA9272}.Release|Any CPU.Build.0 = Release|Any CPU
		{BF17E6CC-ECC6-4FAE-A821-3BE169E5A3D8}.Debug|Any CPU.ActiveCfg = Debug|Any CPU
		{BF17E6CC-ECC6-4FAE-A821-3BE169E5A3D8}.Debug|Any CPU.Build.0 = Debug|Any CPU
		{BF17E6CC-ECC6-4FAE-A821-3BE169E5A3D8}.Release|Any CPU.ActiveCfg = Release|Any CPU
		{BF17E6CC-ECC6-4FAE-A821-3BE169E5A3D8}.Release|Any CPU.Build.0 = Release|Any CPU
	EndGlobalSection
	GlobalSection(SolutionProperties) = preSolution
		HideSolutionNode = FALSE
	EndGlobalSection
	GlobalSection(NestedProjects) = preSolution
		{A6EABDE3-E1CD-43B5-BB15-880210D8FC3F} = {8E26F641-674E-421C-B37C-AF2A690DA1CF}
		{289FB7BF-7E2C-406D-9B46-360B5B4B8AAF} = {8E26F641-674E-421C-B37C-AF2A690DA1CF}
		{B54072F0-F35A-424C-A153-286152BA9272} = {93D72C8F-498F-4E86-AB88-6D77394CE495}
		{BF17E6CC-ECC6-4FAE-A821-3BE169E5A3D8} = {8E26F641-674E-421C-B37C-AF2A690DA1CF}
	EndGlobalSection
	GlobalSection(ExtensibilityGlobals) = postSolution
		SolutionGuid = {FABFFBFF-15DA-48E3-856C-4A82E42A292B}
	EndGlobalSection
EndGlobal
