
Microsoft Visual Studio Solution File, Format Version 12.00
# Visual Studio Version 16
VisualStudioVersion = 16.0.28711.60
MinimumVisualStudioVersion = 10.0.40219.1
Project("{9A19103F-16F7-4668-BE54-9A1E7A4F7556}") = "ElmahCore.Demo", "ElmahCore.Demo\ElmahCore.Demo.csproj", "{28545534-4326-47F7-BD64-6253F42950E3}"
EndProject
Project("{2150E333-8FDC-42A3-9474-1A3956D46DE8}") = "Solution Items", "Solution Items", "{5AD4204F-9CC1-492F-8E9A-2064D4E8AE8A}"
	ProjectSection(SolutionItems) = preProject
		README.md = README.md
	EndProjectSection
EndProject
Project("{9A19103F-16F7-4668-BE54-9A1E7A4F7556}") = "ElmahCore.Sql", "ElmahCore.MsSql\ElmahCore.Sql.csproj", "{BCE602D7-1ABB-42F5-BC1F-77F7C1985708}"
EndProject
Project("{2150E333-8FDC-42A3-9474-1A3956D46DE8}") = "Demo", "Demo", "{8E26F641-674E-421C-B37C-AF2A690DA1CF}"
EndProject
Project("{9A19103F-16F7-4668-BE54-9A1E7A4F7556}") = "ElmahCore", "ElmahCore\ElmahCore.csproj", "{0F75E1E4-32CB-47A5-8548-2798FFBAC4B1}"
EndProject
Project("{9A19103F-16F7-4668-BE54-9A1E7A4F7556}") = "ElmahCore.Mvc", "ElmahCore.Mvc\ElmahCore.Mvc.csproj", "{BF039A92-379C-41E5-A8D2-6C26DAEFDC60}"
EndProject
Project("{FAE04EC0-301F-11D3-BF4B-00C04F79EFBC}") = "ElmahCore.DemoCore3", "ElmahCore.DemoCore3\ElmahCore.DemoCore3.csproj", "{A6EABDE3-E1CD-43B5-BB15-880210D8FC3F}"
EndProject
Global
	GlobalSection(SolutionConfigurationPlatforms) = preSolution
		Debug|Any CPU = Debug|Any CPU
		Release|Any CPU = Release|Any CPU
	EndGlobalSection
	GlobalSection(ProjectConfigurationPlatforms) = postSolution
		{28545534-4326-47F7-BD64-6253F42950E3}.Debug|Any CPU.ActiveCfg = Debug|Any CPU
		{28545534-4326-47F7-BD64-6253F42950E3}.Debug|Any CPU.Build.0 = Debug|Any CPU
		{28545534-4326-47F7-BD64-6253F42950E3}.Release|Any CPU.ActiveCfg = Release|Any CPU
		{28545534-4326-47F7-BD64-6253F42950E3}.Release|Any CPU.Build.0 = Release|Any CPU
		{BCE602D7-1ABB-42F5-BC1F-77F7C1985708}.Debug|Any CPU.ActiveCfg = Debug|Any CPU
		{BCE602D7-1ABB-42F5-BC1F-77F7C1985708}.Debug|Any CPU.Build.0 = Debug|Any CPU
		{BCE602D7-1ABB-42F5-BC1F-77F7C1985708}.Release|Any CPU.ActiveCfg = Release|Any CPU
		{BCE602D7-1ABB-42F5-BC1F-77F7C1985708}.Release|Any CPU.Build.0 = Release|Any CPU
		{0F75E1E4-32CB-47A5-8548-2798FFBAC4B1}.Debug|Any CPU.ActiveCfg = Debug|Any CPU
		{0F75E1E4-32CB-47A5-8548-2798FFBAC4B1}.Debug|Any CPU.Build.0 = Debug|Any CPU
		{0F75E1E4-32CB-47A5-8548-2798FFBAC4B1}.Release|Any CPU.ActiveCfg = Release|Any CPU
		{0F75E1E4-32CB-47A5-8548-2798FFBAC4B1}.Release|Any CPU.Build.0 = Release|Any CPU
		{BF039A92-379C-41E5-A8D2-6C26DAEFDC60}.Debug|Any CPU.ActiveCfg = Debug|Any CPU
		{BF039A92-379C-41E5-A8D2-6C26DAEFDC60}.Debug|Any CPU.Build.0 = Debug|Any CPU
		{BF039A92-379C-41E5-A8D2-6C26DAEFDC60}.Release|Any CPU.ActiveCfg = Release|Any CPU
		{BF039A92-379C-41E5-A8D2-6C26DAEFDC60}.Release|Any CPU.Build.0 = Release|Any CPU
		{A6EABDE3-E1CD-43B5-BB15-880210D8FC3F}.Debug|Any CPU.ActiveCfg = Debug|Any CPU
		{A6EABDE3-E1CD-43B5-BB15-880210D8FC3F}.Debug|Any CPU.Build.0 = Debug|Any CPU
		{A6EABDE3-E1CD-43B5-BB15-880210D8FC3F}.Release|Any CPU.ActiveCfg = Release|Any CPU
		{A6EABDE3-E1CD-43B5-BB15-880210D8FC3F}.Release|Any CPU.Build.0 = Release|Any CPU
	EndGlobalSection
	GlobalSection(SolutionProperties) = preSolution
		HideSolutionNode = FALSE
	EndGlobalSection
	GlobalSection(NestedProjects) = preSolution
		{28545534-4326-47F7-BD64-6253F42950E3} = {8E26F641-674E-421C-B37C-AF2A690DA1CF}
		{A6EABDE3-E1CD-43B5-BB15-880210D8FC3F} = {8E26F641-674E-421C-B37C-AF2A690DA1CF}
	EndGlobalSection
	GlobalSection(ExtensibilityGlobals) = postSolution
		SolutionGuid = {FABFFBFF-15DA-48E3-856C-4A82E42A292B}
	EndGlobalSection
EndGlobal
